
Microsoft Visual Studio Solution File, Format Version 12.00
# Visual Studio Version 17
VisualStudioVersion = 17.5.002.0
MinimumVisualStudioVersion = 10.0.40219.1
Project("{2150E333-8FDC-42A3-9474-1A3956D46DE8}") = "prepare", "prepare", "{2EDC2096-4C5C-4814-8E93-DF1F605CB405}"
EndProject
Project("{9A19103F-16F7-4668-BE54-9A1E7A4F7556}") = "Learning02", "prepare\Learning02\Learning02.csproj", "{673BA3E6-87C1-483C-866C-D58C4E70D5CC}"
EndProject
Project("{9A19103F-16F7-4668-BE54-9A1E7A4F7556}") = "Learning05", "prepare\Learning05\Learning05.csproj", "{0BC55D74-51F9-4193-B3B6-D035BFF3F538}"
EndProject
Project("{9A19103F-16F7-4668-BE54-9A1E7A4F7556}") = "Learning04", "prepare\Learning04\Learning04.csproj", "{6832BEE9-CF90-465C-89AE-6EB81C6D403A}"
EndProject
Project("{9A19103F-16F7-4668-BE54-9A1E7A4F7556}") = "Learning03", "prepare\Learning03\Learning03.csproj", "{F49EED08-64F0-454D-A462-FAFF764459FC}"
EndProject
Project("{2150E333-8FDC-42A3-9474-1A3956D46DE8}") = "prove", "prove", "{0C0EE47A-0E81-4ED8-958C-B987FB36C1CD}"
EndProject
Project("{9A19103F-16F7-4668-BE54-9A1E7A4F7556}") = "Develop03", "prove\Develop03\Develop03.csproj", "{22A9B8C1-8017-4C51-A423-9FB569D1E27C}"
EndProject
Project("{9A19103F-16F7-4668-BE54-9A1E7A4F7556}") = "Develop04", "prove\Develop04\Develop04.csproj", "{CADD02F7-34B4-4CD1-8CE3-3EC9257ED2E9}"
EndProject
Project("{9A19103F-16F7-4668-BE54-9A1E7A4F7556}") = "Develop05", "prove\Develop05\Develop05.csproj", "{D38904EC-7DAB-406B-BE50-67160ED3304C}"
EndProject
Project("{9A19103F-16F7-4668-BE54-9A1E7A4F7556}") = "Develop02", "prove\Develop02\Develop02.csproj", "{9C30D5F6-F80A-4E3C-8058-824220346B34}"
EndProject
Project("{2150E333-8FDC-42A3-9474-1A3956D46DE8}") = "sandbox", "sandbox", "{FA4DCD49-931A-41B9-900D-FBD41B1543D4}"
EndProject
Project("{9A19103F-16F7-4668-BE54-9A1E7A4F7556}") = "Sandbox", "sandbox\Sandbox\Sandbox.csproj", "{5C9D4B8E-7C1A-4EB6-B192-91DADE4B79EB}"
EndProject
Project("{2150E333-8FDC-42A3-9474-1A3956D46DE8}") = "final", "final", "{BDEF8E0F-DB52-47DD-8736-4386C4D36F16}"
EndProject
Project("{9A19103F-16F7-4668-BE54-9A1E7A4F7556}") = "FinalProject", "final\FinalProject\FinalProject.csproj", "{D7290127-2285-4C4A-A303-36B527A789B5}"
EndProject
Project("{9A19103F-16F7-4668-BE54-9A1E7A4F7556}") = "Foundation1", "final\Foundation1\Foundation1.csproj", "{CBE10423-F02E-43C3-B3F9-B88D425698B9}"
EndProject
Project("{9A19103F-16F7-4668-BE54-9A1E7A4F7556}") = "Foundation4", "final\Foundation4\Foundation4.csproj", "{F1806184-D17B-4E23-A4E8-BAF579EDB62E}"
EndProject
Project("{9A19103F-16F7-4668-BE54-9A1E7A4F7556}") = "Foundation3", "final\Foundation3\Foundation3.csproj", "{51F6DFD2-4EDC-4A5B-ADE2-FD91E66D8879}"
EndProject
Project("{9A19103F-16F7-4668-BE54-9A1E7A4F7556}") = "Foundation2", "final\Foundation2\Foundation2.csproj", "{747B72F6-F375-4BEB-8AEE-612B16090ECE}"
EndProject
Project("{2150E333-8FDC-42A3-9474-1A3956D46DE8}") = "csharp-prep", "csharp-prep", "{1836CFBF-90F9-4875-89A9-523F2245A656}"
EndProject
Project("{9A19103F-16F7-4668-BE54-9A1E7A4F7556}") = "Prep1", "csharp-prep\Prep1\Prep1.csproj", "{B405BA3A-0AE0-4BFF-9148-8080B0EC3E9F}"
EndProject
Project("{9A19103F-16F7-4668-BE54-9A1E7A4F7556}") = "Prep5", "csharp-prep\Prep5\Prep5.csproj", "{F4467C56-6772-4B8E-B5B5-1461FFDA9724}"
EndProject
Project("{9A19103F-16F7-4668-BE54-9A1E7A4F7556}") = "Prep2", "csharp-prep\Prep2\Prep2.csproj", "{AEBB29EC-F7CC-4DF3-8D51-4E11773AF20C}"
EndProject
Project("{9A19103F-16F7-4668-BE54-9A1E7A4F7556}") = "Prep3", "csharp-prep\Prep3\Prep3.csproj", "{4772498D-256A-426C-8BA9-41CAA350D7B3}"
EndProject
Project("{9A19103F-16F7-4668-BE54-9A1E7A4F7556}") = "Prep4", "csharp-prep\Prep4\Prep4.csproj", "{2F0EE969-44C2-49C5-B871-E0758402EF9A}"
EndProject
Global
	GlobalSection(SolutionConfigurationPlatforms) = preSolution
		Debug|Any CPU = Debug|Any CPU
		Release|Any CPU = Release|Any CPU
	EndGlobalSection
	GlobalSection(ProjectConfigurationPlatforms) = postSolution
		{673BA3E6-87C1-483C-866C-D58C4E70D5CC}.Debug|Any CPU.ActiveCfg = Debug|Any CPU
		{673BA3E6-87C1-483C-866C-D58C4E70D5CC}.Debug|Any CPU.Build.0 = Debug|Any CPU
		{673BA3E6-87C1-483C-866C-D58C4E70D5CC}.Release|Any CPU.ActiveCfg = Release|Any CPU
		{673BA3E6-87C1-483C-866C-D58C4E70D5CC}.Release|Any CPU.Build.0 = Release|Any CPU
		{0BC55D74-51F9-4193-B3B6-D035BFF3F538}.Debug|Any CPU.ActiveCfg = Debug|Any CPU
		{0BC55D74-51F9-4193-B3B6-D035BFF3F538}.Debug|Any CPU.Build.0 = Debug|Any CPU
		{0BC55D74-51F9-4193-B3B6-D035BFF3F538}.Release|Any CPU.ActiveCfg = Release|Any CPU
		{0BC55D74-51F9-4193-B3B6-D035BFF3F538}.Release|Any CPU.Build.0 = Release|Any CPU
		{6832BEE9-CF90-465C-89AE-6EB81C6D403A}.Debug|Any CPU.ActiveCfg = Debug|Any CPU
		{6832BEE9-CF90-465C-89AE-6EB81C6D403A}.Debug|Any CPU.Build.0 = Debug|Any CPU
		{6832BEE9-CF90-465C-89AE-6EB81C6D403A}.Release|Any CPU.ActiveCfg = Release|Any CPU
		{6832BEE9-CF90-465C-89AE-6EB81C6D403A}.Release|Any CPU.Build.0 = Release|Any CPU
		{F49EED08-64F0-454D-A462-FAFF764459FC}.Debug|Any CPU.ActiveCfg = Debug|Any CPU
		{F49EED08-64F0-454D-A462-FAFF764459FC}.Debug|Any CPU.Build.0 = Debug|Any CPU
		{F49EED08-64F0-454D-A462-FAFF764459FC}.Release|Any CPU.ActiveCfg = Release|Any CPU
		{F49EED08-64F0-454D-A462-FAFF764459FC}.Release|Any CPU.Build.0 = Release|Any CPU
		{22A9B8C1-8017-4C51-A423-9FB569D1E27C}.Debug|Any CPU.ActiveCfg = Debug|Any CPU
		{22A9B8C1-8017-4C51-A423-9FB569D1E27C}.Debug|Any CPU.Build.0 = Debug|Any CPU
		{22A9B8C1-8017-4C51-A423-9FB569D1E27C}.Release|Any CPU.ActiveCfg = Release|Any CPU
		{22A9B8C1-8017-4C51-A423-9FB569D1E27C}.Release|Any CPU.Build.0 = Release|Any CPU
		{CADD02F7-34B4-4CD1-8CE3-3EC9257ED2E9}.Debug|Any CPU.ActiveCfg = Debug|Any CPU
		{CADD02F7-34B4-4CD1-8CE3-3EC9257ED2E9}.Debug|Any CPU.Build.0 = Debug|Any CPU
		{CADD02F7-34B4-4CD1-8CE3-3EC9257ED2E9}.Release|Any CPU.ActiveCfg = Release|Any CPU
		{CADD02F7-34B4-4CD1-8CE3-3EC9257ED2E9}.Release|Any CPU.Build.0 = Release|Any CPU
		{D38904EC-7DAB-406B-BE50-67160ED3304C}.Debug|Any CPU.ActiveCfg = Debug|Any CPU
		{D38904EC-7DAB-406B-BE50-67160ED3304C}.Debug|Any CPU.Build.0 = Debug|Any CPU
		{D38904EC-7DAB-406B-BE50-67160ED3304C}.Release|Any CPU.ActiveCfg = Release|Any CPU
		{D38904EC-7DAB-406B-BE50-67160ED3304C}.Release|Any CPU.Build.0 = Release|Any CPU
		{9C30D5F6-F80A-4E3C-8058-824220346B34}.Debug|Any CPU.ActiveCfg = Debug|Any CPU
		{9C30D5F6-F80A-4E3C-8058-824220346B34}.Debug|Any CPU.Build.0 = Debug|Any CPU
		{9C30D5F6-F80A-4E3C-8058-824220346B34}.Release|Any CPU.ActiveCfg = Release|Any CPU
		{9C30D5F6-F80A-4E3C-8058-824220346B34}.Release|Any CPU.Build.0 = Release|Any CPU
		{5C9D4B8E-7C1A-4EB6-B192-91DADE4B79EB}.Debug|Any CPU.ActiveCfg = Debug|Any CPU
		{5C9D4B8E-7C1A-4EB6-B192-91DADE4B79EB}.Debug|Any CPU.Build.0 = Debug|Any CPU
		{5C9D4B8E-7C1A-4EB6-B192-91DADE4B79EB}.Release|Any CPU.ActiveCfg = Release|Any CPU
		{5C9D4B8E-7C1A-4EB6-B192-91DADE4B79EB}.Release|Any CPU.Build.0 = Release|Any CPU
		{D7290127-2285-4C4A-A303-36B527A789B5}.Debug|Any CPU.ActiveCfg = Debug|Any CPU
		{D7290127-2285-4C4A-A303-36B527A789B5}.Debug|Any CPU.Build.0 = Debug|Any CPU
		{D7290127-2285-4C4A-A303-36B527A789B5}.Release|Any CPU.ActiveCfg = Release|Any CPU
		{D7290127-2285-4C4A-A303-36B527A789B5}.Release|Any CPU.Build.0 = Release|Any CPU
		{CBE10423-F02E-43C3-B3F9-B88D425698B9}.Debug|Any CPU.ActiveCfg = Debug|Any CPU
		{CBE10423-F02E-43C3-B3F9-B88D425698B9}.Debug|Any CPU.Build.0 = Debug|Any CPU
		{CBE10423-F02E-43C3-B3F9-B88D425698B9}.Release|Any CPU.ActiveCfg = Release|Any CPU
		{CBE10423-F02E-43C3-B3F9-B88D425698B9}.Release|Any CPU.Build.0 = Release|Any CPU
		{F1806184-D17B-4E23-A4E8-BAF579EDB62E}.Debug|Any CPU.ActiveCfg = Debug|Any CPU
		{F1806184-D17B-4E23-A4E8-BAF579EDB62E}.Debug|Any CPU.Build.0 = Debug|Any CPU
		{F1806184-D17B-4E23-A4E8-BAF579EDB62E}.Release|Any CPU.ActiveCfg = Release|Any CPU
		{F1806184-D17B-4E23-A4E8-BAF579EDB62E}.Release|Any CPU.Build.0 = Release|Any CPU
		{51F6DFD2-4EDC-4A5B-ADE2-FD91E66D8879}.Debug|Any CPU.ActiveCfg = Debug|Any CPU
		{51F6DFD2-4EDC-4A5B-ADE2-FD91E66D8879}.Debug|Any CPU.Build.0 = Debug|Any CPU
		{51F6DFD2-4EDC-4A5B-ADE2-FD91E66D8879}.Release|Any CPU.ActiveCfg = Release|Any CPU
		{51F6DFD2-4EDC-4A5B-ADE2-FD91E66D8879}.Release|Any CPU.Build.0 = Release|Any CPU
		{747B72F6-F375-4BEB-8AEE-612B16090ECE}.Debug|Any CPU.ActiveCfg = Debug|Any CPU
		{747B72F6-F375-4BEB-8AEE-612B16090ECE}.Debug|Any CPU.Build.0 = Debug|Any CPU
		{747B72F6-F375-4BEB-8AEE-612B16090ECE}.Release|Any CPU.ActiveCfg = Release|Any CPU
		{747B72F6-F375-4BEB-8AEE-612B16090ECE}.Release|Any CPU.Build.0 = Release|Any CPU
		{B405BA3A-0AE0-4BFF-9148-8080B0EC3E9F}.Debug|Any CPU.ActiveCfg = Debug|Any CPU
		{B405BA3A-0AE0-4BFF-9148-8080B0EC3E9F}.Debug|Any CPU.Build.0 = Debug|Any CPU
		{B405BA3A-0AE0-4BFF-9148-8080B0EC3E9F}.Release|Any CPU.ActiveCfg = Release|Any CPU
		{B405BA3A-0AE0-4BFF-9148-8080B0EC3E9F}.Release|Any CPU.Build.0 = Release|Any CPU
		{F4467C56-6772-4B8E-B5B5-1461FFDA9724}.Debug|Any CPU.ActiveCfg = Debug|Any CPU
		{F4467C56-6772-4B8E-B5B5-1461FFDA9724}.Debug|Any CPU.Build.0 = Debug|Any CPU
		{F4467C56-6772-4B8E-B5B5-1461FFDA9724}.Release|Any CPU.ActiveCfg = Release|Any CPU
		{F4467C56-6772-4B8E-B5B5-1461FFDA9724}.Release|Any CPU.Build.0 = Release|Any CPU
		{AEBB29EC-F7CC-4DF3-8D51-4E11773AF20C}.Debug|Any CPU.ActiveCfg = Debug|Any CPU
		{AEBB29EC-F7CC-4DF3-8D51-4E11773AF20C}.Debug|Any CPU.Build.0 = Debug|Any CPU
		{AEBB29EC-F7CC-4DF3-8D51-4E11773AF20C}.Release|Any CPU.ActiveCfg = Release|Any CPU
		{AEBB29EC-F7CC-4DF3-8D51-4E11773AF20C}.Release|Any CPU.Build.0 = Release|Any CPU
		{4772498D-256A-426C-8BA9-41CAA350D7B3}.Debug|Any CPU.ActiveCfg = Debug|Any CPU
		{4772498D-256A-426C-8BA9-41CAA350D7B3}.Debug|Any CPU.Build.0 = Debug|Any CPU
		{4772498D-256A-426C-8BA9-41CAA350D7B3}.Release|Any CPU.ActiveCfg = Release|Any CPU
		{4772498D-256A-426C-8BA9-41CAA350D7B3}.Release|Any CPU.Build.0 = Release|Any CPU
		{2F0EE969-44C2-49C5-B871-E0758402EF9A}.Debug|Any CPU.ActiveCfg = Debug|Any CPU
		{2F0EE969-44C2-49C5-B871-E0758402EF9A}.Debug|Any CPU.Build.0 = Debug|Any CPU
		{2F0EE969-44C2-49C5-B871-E0758402EF9A}.Release|Any CPU.ActiveCfg = Release|Any CPU
		{2F0EE969-44C2-49C5-B871-E0758402EF9A}.Release|Any CPU.Build.0 = Release|Any CPU
	EndGlobalSection
	GlobalSection(SolutionProperties) = preSolution
		HideSolutionNode = FALSE
	EndGlobalSection
	GlobalSection(NestedProjects) = preSolution
		{673BA3E6-87C1-483C-866C-D58C4E70D5CC} = {2EDC2096-4C5C-4814-8E93-DF1F605CB405}
		{0BC55D74-51F9-4193-B3B6-D035BFF3F538} = {2EDC2096-4C5C-4814-8E93-DF1F605CB405}
		{6832BEE9-CF90-465C-89AE-6EB81C6D403A} = {2EDC2096-4C5C-4814-8E93-DF1F605CB405}
		{F49EED08-64F0-454D-A462-FAFF764459FC} = {2EDC2096-4C5C-4814-8E93-DF1F605CB405}
		{22A9B8C1-8017-4C51-A423-9FB569D1E27C} = {0C0EE47A-0E81-4ED8-958C-B987FB36C1CD}
		{CADD02F7-34B4-4CD1-8CE3-3EC9257ED2E9} = {0C0EE47A-0E81-4ED8-958C-B987FB36C1CD}
		{D38904EC-7DAB-406B-BE50-67160ED3304C} = {0C0EE47A-0E81-4ED8-958C-B987FB36C1CD}
		{9C30D5F6-F80A-4E3C-8058-824220346B34} = {0C0EE47A-0E81-4ED8-958C-B987FB36C1CD}
		{5C9D4B8E-7C1A-4EB6-B192-91DADE4B79EB} = {FA4DCD49-931A-41B9-900D-FBD41B1543D4}
		{D7290127-2285-4C4A-A303-36B527A789B5} = {BDEF8E0F-DB52-47DD-8736-4386C4D36F16}
		{CBE10423-F02E-43C3-B3F9-B88D425698B9} = {BDEF8E0F-DB52-47DD-8736-4386C4D36F16}
		{F1806184-D17B-4E23-A4E8-BAF579EDB62E} = {BDEF8E0F-DB52-47DD-8736-4386C4D36F16}
		{51F6DFD2-4EDC-4A5B-ADE2-FD91E66D8879} = {BDEF8E0F-DB52-47DD-8736-4386C4D36F16}
		{747B72F6-F375-4BEB-8AEE-612B16090ECE} = {BDEF8E0F-DB52-47DD-8736-4386C4D36F16}
		{B405BA3A-0AE0-4BFF-9148-8080B0EC3E9F} = {1836CFBF-90F9-4875-89A9-523F2245A656}
		{F4467C56-6772-4B8E-B5B5-1461FFDA9724} = {1836CFBF-90F9-4875-89A9-523F2245A656}
		{AEBB29EC-F7CC-4DF3-8D51-4E11773AF20C} = {1836CFBF-90F9-4875-89A9-523F2245A656}
		{4772498D-256A-426C-8BA9-41CAA350D7B3} = {1836CFBF-90F9-4875-89A9-523F2245A656}
		{2F0EE969-44C2-49C5-B871-E0758402EF9A} = {1836CFBF-90F9-4875-89A9-523F2245A656}
	EndGlobalSection
	GlobalSection(ExtensibilityGlobals) = postSolution
		SolutionGuid = {41D3300B-CDD3-4F0E-84BA-C71531700184}
	EndGlobalSection
EndGlobal
